{
  "name": "NBE3-4-2-Team15",
  "lockfileVersion": 3,
  "requires": true,
  "packages": {
    "": {
      "dependencies": {
        "openapi-fetch": "^0.13.4"
      }
    },
    "node_modules/openapi-fetch": {
      "version": "0.13.4",
      "resolved": "https://registry.npmjs.org/openapi-fetch/-/openapi-fetch-0.13.4.tgz",
      "integrity": "sha512-JHX7UYjLEiHuQGCPxa3CCCIqe/nc4bTIF9c4UYVC8BegAbWoS3g4gJxKX5XcG7UtYQs2060kY6DH64KkvNZahg==",
      "license": "MIT",
      "dependencies": {
        "openapi-typescript-helpers": "^0.0.15"
      }
    },
    "node_modules/openapi-typescript-helpers": {
      "version": "0.0.15",
      "resolved": "https://registry.npmjs.org/openapi-typescript-helpers/-/openapi-typescript-helpers-0.0.15.tgz",
      "integrity": "sha512-opyTPaunsklCBpTK8JGef6mfPhLSnyy5a0IN9vKtx3+4aExf+KxEqYwIy3hqkedXIB97u357uLMJsOnm3GVjsw==",
      "license": "MIT"
    }
  }
}
